
Microsoft Visual Studio Solution File, Format Version 12.00
# Visual Studio Version 17
VisualStudioVersion = 17.13.35828.75 d17.13
MinimumVisualStudioVersion = 10.0.40219.1
Project("{FAE04EC0-301F-11D3-BF4B-00C04F79EFBC}") = "GDGproj", "GDGproj\GDGproj.csproj", "{06764BF5-A51C-4A89-9F23-177B6C3B7DD1}"
EndProject
Global
	GlobalSection(SolutionConfigurationPlatforms) = preSolution
		Debug|Any CPU = Debug|Any CPU
		Release|Any CPU = Release|Any CPU
	EndGlobalSection
	GlobalSection(ProjectConfigurationPlatforms) = postSolution
		{06764BF5-A51C-4A89-9F23-177B6C3B7DD1}.Debug|Any CPU.ActiveCfg = Debug|Any CPU
		{06764BF5-A51C-4A89-9F23-177B6C3B7DD1}.Debug|Any CPU.Build.0 = Debug|Any CPU
		{06764BF5-A51C-4A89-9F23-177B6C3B7DD1}.Release|Any CPU.ActiveCfg = Release|Any CPU
		{06764BF5-A51C-4A89-9F23-177B6C3B7DD1}.Release|Any CPU.Build.0 = Release|Any CPU
	EndGlobalSection
	GlobalSection(SolutionProperties) = preSolution
		HideSolutionNode = FALSE
	EndGlobalSection
	GlobalSection(ExtensibilityGlobals) = postSolution
		SolutionGuid = {BF760F19-37F3-4222-BE39-0FA625EEACF3}
	EndGlobalSection
EndGlobal
